
Microsoft Visual Studio Solution File, Format Version 12.00
# Visual Studio 15
VisualStudioVersion = 15.0.27130.2024
MinimumVisualStudioVersion = 10.0.40219.1
Project("{FAE04EC0-301F-11D3-BF4B-00C04F79EFBC}") = "Test.Console", "test\Test.Console\Test.Console.csproj", "{29A745D4-5A2F-4170-A0F1-54C77F151892}"
EndProject
Project("{FAE04EC0-301F-11D3-BF4B-00C04F79EFBC}") = "Log2Console", "dev\Log2Console\Log2Console.csproj", "{EE81C506-55E4-417E-B1D6-09453F89C7CD}"
EndProject
Project("{2150E333-8FDC-42A3-9474-1A3956D46DE8}") = "WindowsAPICodePack", "WindowsAPICodePack", "{3E29A216-D8DA-4858-9EB0-D9C0C565C50B}"
EndProject
Project("{FAE04EC0-301F-11D3-BF4B-00C04F79EFBC}") = "Core", "dev\External\WindowsAPICodePack\Core\Core.csproj", "{2E1FB0DF-F9BB-4909-9F32-2D9D022A8E57}"
EndProject
Project("{FAE04EC0-301F-11D3-BF4B-00C04F79EFBC}") = "Shell", "dev\External\WindowsAPICodePack\Shell\Shell.csproj", "{AA0C00CB-8699-4F37-BFAE-40CA87ACC06D}"
EndProject
Project("{FAE04EC0-301F-11D3-BF4B-00C04F79EFBC}") = "ICSharpCode.TextEditor", "dev\Common\ICSharpCode.TextEditor\ICSharpCode.TextEditor.csproj", "{2D18BE89-D210-49EB-A9DD-2246FBB3DF6D}"
EndProject
Project("{FAE04EC0-301F-11D3-BF4B-00C04F79EFBC}") = "RichTextBoxLinks", "dev\Common\RichTextBoxLinks\RichTextBoxLinks.csproj", "{8B833B00-BB4C-4FAF-B6C4-BF77824F96A1}"
EndProject
Project("{2150E333-8FDC-42A3-9474-1A3956D46DE8}") = "dev", "dev", "{8FA74F26-121D-403E-85D4-4C7CBF1169FB}"
EndProject
Project("{2150E333-8FDC-42A3-9474-1A3956D46DE8}") = "test", "test", "{3FF62950-C916-42EC-B992-3FFCA46282B2}"
EndProject
Project("{2150E333-8FDC-42A3-9474-1A3956D46DE8}") = "External", "External", "{7989D3A7-8908-40A3-BE42-F2B245641ACA}"
EndProject
Project("{2150E333-8FDC-42A3-9474-1A3956D46DE8}") = "Common", "Common", "{D74D1329-5169-4634-9D83-35AC9FE9ACA6}"
EndProject
Project("{FAE04EC0-301F-11D3-BF4B-00C04F79EFBC}") = "Log2Console.Tests", "test\Log2Console.Tests\Log2Console.Tests.csproj", "{9D31ED12-04B5-4786-8041-E8C9C8582105}"
EndProject
Global
	GlobalSection(SolutionConfigurationPlatforms) = preSolution
		CodeAnalysisDebug|Any CPU = CodeAnalysisDebug|Any CPU
		Debug|Any CPU = Debug|Any CPU
		Release|Any CPU = Release|Any CPU
	EndGlobalSection
	GlobalSection(ProjectConfigurationPlatforms) = postSolution
		{29A745D4-5A2F-4170-A0F1-54C77F151892}.CodeAnalysisDebug|Any CPU.ActiveCfg = Debug|Any CPU
		{29A745D4-5A2F-4170-A0F1-54C77F151892}.CodeAnalysisDebug|Any CPU.Build.0 = Debug|Any CPU
		{29A745D4-5A2F-4170-A0F1-54C77F151892}.Debug|Any CPU.ActiveCfg = Debug|Any CPU
		{29A745D4-5A2F-4170-A0F1-54C77F151892}.Debug|Any CPU.Build.0 = Debug|Any CPU
		{29A745D4-5A2F-4170-A0F1-54C77F151892}.Release|Any CPU.ActiveCfg = Release|Any CPU
		{29A745D4-5A2F-4170-A0F1-54C77F151892}.Release|Any CPU.Build.0 = Release|Any CPU
		{EE81C506-55E4-417E-B1D6-09453F89C7CD}.CodeAnalysisDebug|Any CPU.ActiveCfg = Debug|Any CPU
		{EE81C506-55E4-417E-B1D6-09453F89C7CD}.CodeAnalysisDebug|Any CPU.Build.0 = Debug|Any CPU
		{EE81C506-55E4-417E-B1D6-09453F89C7CD}.Debug|Any CPU.ActiveCfg = Debug|Any CPU
		{EE81C506-55E4-417E-B1D6-09453F89C7CD}.Debug|Any CPU.Build.0 = Debug|Any CPU
		{EE81C506-55E4-417E-B1D6-09453F89C7CD}.Release|Any CPU.ActiveCfg = Release|Any CPU
		{EE81C506-55E4-417E-B1D6-09453F89C7CD}.Release|Any CPU.Build.0 = Release|Any CPU
		{2E1FB0DF-F9BB-4909-9F32-2D9D022A8E57}.CodeAnalysisDebug|Any CPU.ActiveCfg = Debug|Any CPU
		{2E1FB0DF-F9BB-4909-9F32-2D9D022A8E57}.CodeAnalysisDebug|Any CPU.Build.0 = Debug|Any CPU
		{2E1FB0DF-F9BB-4909-9F32-2D9D022A8E57}.Debug|Any CPU.ActiveCfg = Debug|Any CPU
		{2E1FB0DF-F9BB-4909-9F32-2D9D022A8E57}.Debug|Any CPU.Build.0 = Debug|Any CPU
		{2E1FB0DF-F9BB-4909-9F32-2D9D022A8E57}.Release|Any CPU.ActiveCfg = Release|Any CPU
		{2E1FB0DF-F9BB-4909-9F32-2D9D022A8E57}.Release|Any CPU.Build.0 = Release|Any CPU
		{AA0C00CB-8699-4F37-BFAE-40CA87ACC06D}.CodeAnalysisDebug|Any CPU.ActiveCfg = CodeAnalysisDebug|Any CPU
		{AA0C00CB-8699-4F37-BFAE-40CA87ACC06D}.CodeAnalysisDebug|Any CPU.Build.0 = CodeAnalysisDebug|Any CPU
		{AA0C00CB-8699-4F37-BFAE-40CA87ACC06D}.Debug|Any CPU.ActiveCfg = Debug|Any CPU
		{AA0C00CB-8699-4F37-BFAE-40CA87ACC06D}.Debug|Any CPU.Build.0 = Debug|Any CPU
		{AA0C00CB-8699-4F37-BFAE-40CA87ACC06D}.Release|Any CPU.ActiveCfg = Release|Any CPU
		{AA0C00CB-8699-4F37-BFAE-40CA87ACC06D}.Release|Any CPU.Build.0 = Release|Any CPU
		{2D18BE89-D210-49EB-A9DD-2246FBB3DF6D}.CodeAnalysisDebug|Any CPU.ActiveCfg = Debug|Any CPU
		{2D18BE89-D210-49EB-A9DD-2246FBB3DF6D}.CodeAnalysisDebug|Any CPU.Build.0 = Debug|Any CPU
		{2D18BE89-D210-49EB-A9DD-2246FBB3DF6D}.Debug|Any CPU.ActiveCfg = Debug|Any CPU
		{2D18BE89-D210-49EB-A9DD-2246FBB3DF6D}.Debug|Any CPU.Build.0 = Debug|Any CPU
		{2D18BE89-D210-49EB-A9DD-2246FBB3DF6D}.Release|Any CPU.ActiveCfg = Release|Any CPU
		{2D18BE89-D210-49EB-A9DD-2246FBB3DF6D}.Release|Any CPU.Build.0 = Release|Any CPU
		{8B833B00-BB4C-4FAF-B6C4-BF77824F96A1}.CodeAnalysisDebug|Any CPU.ActiveCfg = Debug|Any CPU
		{8B833B00-BB4C-4FAF-B6C4-BF77824F96A1}.CodeAnalysisDebug|Any CPU.Build.0 = Debug|Any CPU
		{8B833B00-BB4C-4FAF-B6C4-BF77824F96A1}.Debug|Any CPU.ActiveCfg = Debug|Any CPU
		{8B833B00-BB4C-4FAF-B6C4-BF77824F96A1}.Debug|Any CPU.Build.0 = Debug|Any CPU
		{8B833B00-BB4C-4FAF-B6C4-BF77824F96A1}.Release|Any CPU.ActiveCfg = Release|Any CPU
		{8B833B00-BB4C-4FAF-B6C4-BF77824F96A1}.Release|Any CPU.Build.0 = Release|Any CPU
		{9D31ED12-04B5-4786-8041-E8C9C8582105}.CodeAnalysisDebug|Any CPU.ActiveCfg = Debug|Any CPU
		{9D31ED12-04B5-4786-8041-E8C9C8582105}.CodeAnalysisDebug|Any CPU.Build.0 = Debug|Any CPU
		{9D31ED12-04B5-4786-8041-E8C9C8582105}.Debug|Any CPU.ActiveCfg = Debug|Any CPU
		{9D31ED12-04B5-4786-8041-E8C9C8582105}.Debug|Any CPU.Build.0 = Debug|Any CPU
		{9D31ED12-04B5-4786-8041-E8C9C8582105}.Release|Any CPU.ActiveCfg = Release|Any CPU
		{9D31ED12-04B5-4786-8041-E8C9C8582105}.Release|Any CPU.Build.0 = Release|Any CPU
	EndGlobalSection
	GlobalSection(SolutionProperties) = preSolution
		HideSolutionNode = FALSE
	EndGlobalSection
	GlobalSection(NestedProjects) = preSolution
		{29A745D4-5A2F-4170-A0F1-54C77F151892} = {3FF62950-C916-42EC-B992-3FFCA46282B2}
		{EE81C506-55E4-417E-B1D6-09453F89C7CD} = {8FA74F26-121D-403E-85D4-4C7CBF1169FB}
		{3E29A216-D8DA-4858-9EB0-D9C0C565C50B} = {7989D3A7-8908-40A3-BE42-F2B245641ACA}
		{2E1FB0DF-F9BB-4909-9F32-2D9D022A8E57} = {3E29A216-D8DA-4858-9EB0-D9C0C565C50B}
		{AA0C00CB-8699-4F37-BFAE-40CA87ACC06D} = {3E29A216-D8DA-4858-9EB0-D9C0C565C50B}
		{2D18BE89-D210-49EB-A9DD-2246FBB3DF6D} = {D74D1329-5169-4634-9D83-35AC9FE9ACA6}
		{8B833B00-BB4C-4FAF-B6C4-BF77824F96A1} = {D74D1329-5169-4634-9D83-35AC9FE9ACA6}
		{7989D3A7-8908-40A3-BE42-F2B245641ACA} = {8FA74F26-121D-403E-85D4-4C7CBF1169FB}
		{D74D1329-5169-4634-9D83-35AC9FE9ACA6} = {8FA74F26-121D-403E-85D4-4C7CBF1169FB}
		{9D31ED12-04B5-4786-8041-E8C9C8582105} = {3FF62950-C916-42EC-B992-3FFCA46282B2}
	EndGlobalSection
	GlobalSection(ExtensibilityGlobals) = postSolution
		SolutionGuid = {B4872A0B-88BC-456E-B976-DB37DA75D102}
	EndGlobalSection
EndGlobal
